lockfileVersion: "9.0"

settings:
  autoInstallPeers: true
  excludeLinksFromLockfile: false

importers:
  .:
    dependencies:
      "@openzeppelin/contracts":
        specifier: ^5.4.0
        version: 5.4.0
      "@types/fs-extra":
        specifier: ^11.0.4
        version: 11.0.4
      "@types/node":
        specifier: ^24.2.1
        version: 24.2.1
      change-case:
        specifier: ^4.1.2
        version: 4.1.2
      commander:
        specifier: ^10.0.1
        version: 10.0.1
      date-fns:
        specifier: ^2.30.0
        version: 2.30.0
      ds-test:
        specifier: github:dapphub/ds-test
        version: https://codeload.github.com/dapphub/ds-test/tar.gz/e282159d5170298eb2455a6c05280ab5a73a4ef0
      forge-std:
        specifier: github:foundry-rs/forge-std#60acb7aaadcce2d68e52986a0a66fe79f07d138f
        version: https://codeload.github.com/foundry-rs/forge-std/tar.gz/60acb7aaadcce2d68e52986a0a66fe79f07d138f
      fs-extra:
        specifier: ^11.3.0
        version: 11.3.0
      husky:
        specifier: ^8.0.3
        version: 8.0.3
      lint-staged:
        specifier: ^16.1.2
        version: 16.1.2
      prettier:
        specifier: ^3.6.2
        version: 3.6.2
      prettier-plugin-solidity:
        specifier: ^1.4.3
        version: 1.4.3(prettier@3.6.2)
      solc:
        specifier: ^0.8.30
        version: 0.8.30
      solhint:
        specifier: ^3.6.2
        version: 3.6.2(typescript@5.8.3)
      solhint-plugin-prettier:
        specifier: ^0.1.0
        version: 0.1.0(prettier-plugin-solidity@1.4.3(prettier@3.6.2))(prettier@3.6.2)
      solidity-bytes-utils:
        specifier: ^0.8.4
        version: 0.8.4
      toml:
        specifier: ^3.0.0
        version: 3.0.0
      ts-node:
        specifier: ^10.9.2
        version: 10.9.2(@types/node@24.2.1)(typescript@5.8.3)
      typescript:
        specifier: ^5.8.3
        version: 5.8.3
    devDependencies:
      glob:
        specifier: ^11.0.3
        version: 11.0.3

packages:
  "@babel/code-frame@7.27.1":
    resolution:
      { integrity: sha512-cjQ7ZlQ0Mv3b47hABuTevyTuYN4i+loJKGeV9flcCgIK37cCXRh+L1bd3iBHlynerhQ7BhCkn2BPbQUL+rGqFg== }
    engines: { node: ">=6.9.0" }

  "@babel/helper-validator-identifier@7.27.1":
    resolution:
      { integrity: sha512-D2hP9eA+Sqx1kBZgzxZh0y1trbuU+JoDkiEwqhQ36nodYqJwyEIhPSdMNd7lOm/4io72luTPWH20Yda0xOuUow== }
    engines: { node: ">=6.9.0" }

  "@babel/runtime@7.27.6":
    resolution:
      { integrity: sha512-vbavdySgbTTrmFE+EsiqUTzlOr5bzlnJtUv9PynGCAKvfQqjIXbvFdumPM/GxMDfyuGMJaJAU6TO4zc1Jf1i8Q== }
    engines: { node: ">=6.9.0" }

  "@cspotcode/source-map-support@0.8.1":
    resolution:
      { integrity: sha512-IchNf6dN4tHoMFIn/7OE8LWZ19Y6q/67Bmf6vnGREv8RSbBVb9LPJxEcnwrcwX6ixSvaiGoomAUvu4YSxXrVgw== }
    engines: { node: ">=12" }

  "@isaacs/balanced-match@4.0.1":
    resolution:
      { integrity: sha512-yzMTt9lEb8Gv7zRioUilSglI0c0smZ9k5D65677DLWLtWJaXIS3CqcGyUFByYKlnUj6TkjLVs54fBl6+TiGQDQ== }
    engines: { node: 20 || >=22 }

  "@isaacs/brace-expansion@5.0.0":
    resolution:
      { integrity: sha512-ZT55BDLV0yv0RBm2czMiZ+SqCGO7AvmOM3G/w2xhVPH+te0aKgFjmBvGlL1dH+ql2tgGO3MVrbb3jCKyvpgnxA== }
    engines: { node: 20 || >=22 }

  "@isaacs/cliui@8.0.2":
    resolution:
      { integrity: sha512-O8jcjabXaleOG9DQ0+ARXWZBTfnP4WNAqzuiJK7ll44AmxGKv/J2M4TPjxjY3znBCfvBXFzucm1twdyFybFqEA== }
    engines: { node: ">=12" }

  "@jridgewell/resolve-uri@3.1.2":
    resolution:
      { integrity: sha512-bRISgCIjP20/tbWSPWMEi54QVPRZExkuD9lJL+UIxUKtwVJA8wW1Trb1jMs1RFXo1CBTNZ/5hpC9QvmKWdopKw== }
    engines: { node: ">=6.0.0" }

  "@jridgewell/sourcemap-codec@1.5.4":
    resolution:
      { integrity: sha512-VT2+G1VQs/9oz078bLrYbecdZKs912zQlkelYpuf+SXF+QvZDYJlbx/LSx+meSAwdDFnF8FVXW92AVjjkVmgFw== }

  "@jridgewell/trace-mapping@0.3.9":
    resolution:
      { integrity: sha512-3Belt6tdc8bPgAtbcmdtNJlirVoTmEb5e2gC94PnkwEW9jI6CAHUeoG85tjWP5WquqfavoMtMwiG4P926ZKKuQ== }

  "@openzeppelin/contracts@5.4.0":
    resolution:
      { integrity: sha512-eCYgWnLg6WO+X52I16TZt8uEjbtdkgLC0SUX/xnAksjjrQI4Xfn4iBRoI5j55dmlOhDv1Y7BoR3cU7e3WWhC6A== }

  "@prettier/sync@0.3.0":
    resolution:
      { integrity: sha512-3dcmCyAxIcxy036h1I7MQU/uEEBq8oLwf1CE3xeze+MPlgkdlb/+w6rGR/1dhp6Hqi17fRS6nvwnOzkESxEkOw== }
    peerDependencies:
      prettier: ^3.0.0

  "@solidity-parser/parser@0.16.2":
    resolution:
      { integrity: sha512-PI9NfoA3P8XK2VBkK5oIfRgKDsicwDZfkVq9ZTBCQYGOP1N2owgY2dyLGyU5/J/hQs8KRk55kdmvTLjy3Mu3vg== }

  "@solidity-parser/parser@0.20.2":
    resolution:
      { integrity: sha512-rbu0bzwNvMcwAjH86hiEAcOeRI2EeK8zCkHDrFykh/Al8mvJeFmjy3UrE7GYQjNwOgbGUUtCn5/k8CB8zIu7QA== }

  "@tsconfig/node10@1.0.11":
    resolution:
      { integrity: sha512-DcRjDCujK/kCk/cUe8Xz8ZSpm8mS3mNNpta+jGCA6USEDfktlNvm1+IuZ9eTcDbNk41BHwpHHeW+N1lKCz4zOw== }

  "@tsconfig/node12@1.0.11":
    resolution:
      { integrity: sha512-cqefuRsh12pWyGsIoBKJA9luFu3mRxCA+ORZvA4ktLSzIuCUtWVxGIuXigEwO5/ywWFMZ2QEGKWvkZG1zDMTag== }

  "@tsconfig/node14@1.0.3":
    resolution:
      { integrity: sha512-ysT8mhdixWK6Hw3i1V2AeRqZ5WfXg1G43mqoYlM2nc6388Fq5jcXyr5mRsqViLx/GJYdoL0bfXD8nmF+Zn/Iow== }

  "@tsconfig/node16@1.0.4":
    resolution:
      { integrity: sha512-vxhUy4J8lyeyinH7Azl1pdd43GJhZH/tP2weN8TntQblOY+A0XbT8DJk1/oCPuOOyg/Ja757rG0CgHcWC8OfMA== }

  "@types/fs-extra@11.0.4":
    resolution:
      { integrity: sha512-yTbItCNreRooED33qjunPthRcSjERP1r4MqCZc7wv0u2sUkzTFp45tgUfS5+r7FrZPdmCCNflLhVSP/o+SemsQ== }

  "@types/jsonfile@6.1.4":
    resolution:
      { integrity: sha512-D5qGUYwjvnNNextdU59/+fI+spnwtTFmyQP0h+PfIOSkNfpU6AOICUOkm4i0OnSk+NyjdPJrxCDro0sJsWlRpQ== }

  "@types/node@18.19.120":
    resolution:
      { integrity: sha512-WtCGHFXnVI8WHLxDAt5TbnCM4eSE+nI0QN2NJtwzcgMhht2eNz6V9evJrk+lwC8bCY8OWV5Ym8Jz7ZEyGnKnMA== }

  "@types/node@24.2.1":
    resolution:
      { integrity: sha512-DRh5K+ka5eJic8CjH7td8QpYEV6Zo10gfRkjHCO3weqZHWDtAaSTFtl4+VMqOJ4N5jcuhZ9/l+yy8rVgw7BQeQ== }

  acorn-walk@8.3.4:
    resolution:
      { integrity: sha512-ueEepnujpqee2o5aIYnvHU6C0A42MNdsIDeqy5BydrkuC5R1ZuUFnm27EeFJGoEHJQgn3uleRvmTXaJgfXbt4g== }
    engines: { node: ">=0.4.0" }

  acorn@8.15.0:
    resolution:
      { integrity: sha512-NZyJarBfL7nWwIq+FDL6Zp/yHEhePMNnnJ0y3qfieCrmNvYct8uvtiV41UvlSe6apAfk0fY1FbWx+NwfmpvtTg== }
    engines: { node: ">=0.4.0" }
    hasBin: true

  ajv@6.12.6:
    resolution:
      { integrity: sha512-j3fVLgvTo527anyYyJOGTYJbG+vnnQYvE0m5mmkc1TK+nxAppkCLMIL0aZ4dblVCNoGShhm+kzE4ZUykBoMg4g== }

  ajv@8.17.1:
    resolution:
      { integrity: sha512-B/gBuNg5SiMTrPkC+A2+cW0RszwxYmn6VYxB/inlBStS5nx6xHIt/ehKRhIMhqusl7a8LjQoZnjCs5vhwxOQ1g== }

  ansi-escapes@7.0.0:
    resolution:
      { integrity: sha512-GdYO7a61mR0fOlAsvC9/rIHf7L96sBc6dEWzeOu+KAea5bZyQRPIpojrVoI4AXGJS/ycu/fBTdLrUkA4ODrvjw== }
    engines: { node: ">=18" }

  ansi-regex@5.0.1:
    resolution:
      { integrity: sha512-quJQXlTSUGL2LH9SUXo8VwsY4soanhgo6LNSm84E1LBcE8s3O0wpdiRzyR9z/ZZJMlMWv37qOOb9pdJlMUEKFQ== }
    engines: { node: ">=8" }

  ansi-regex@6.1.0:
    resolution:
      { integrity: sha512-7HSX4QQb4CspciLpVFwyRe79O3xsIZDDLER21kERQ71oaPodF8jL725AgJMFAYbooIqolJoRLuM81SpeUkpkvA== }
    engines: { node: ">=12" }

  ansi-styles@4.3.0:
    resolution:
      { integrity: sha512-zbB9rCJAT1rbjiVDb2hqKFHNYLxgtk8NURxZ3IZwD3F6NtxbXZQCnnSi1Lkx+IDohdPlFp222wVALIheZJQSEg== }
    engines: { node: ">=8" }

  ansi-styles@6.2.1:
    resolution:
      { integrity: sha512-bN798gFfQX+viw3R7yrGWRqnrN2oRkEkUjjl4JNn4E8GxxbjtG3FbrEIIY3l8/hrwUwIeCZvi4QuOTP4MErVug== }
    engines: { node: ">=12" }

  antlr4@4.13.2:
    resolution:
      { integrity: sha512-QiVbZhyy4xAZ17UPEuG3YTOt8ZaoeOR1CvEAqrEsDBsOqINslaB147i9xqljZqoyf5S+EUlGStaj+t22LT9MOg== }
    engines: { node: ">=16" }

  antlr4ts@0.5.0-alpha.4:
    resolution:
      { integrity: sha512-WPQDt1B74OfPv/IMS2ekXAKkTZIHl88uMetg6q3OTqgFxZ/dxDXI0EWLyZid/1Pe6hTftyg5N7gel5wNAGxXyQ== }

  arg@4.1.3:
    resolution:
      { integrity: sha512-58S9QDqG0Xx27YwPSt9fJxivjYl432YCwfDMfZ+71RAqUrZef7LrKQZ3LHLOwCS4FLNBplP533Zx895SeOCHvA== }

  argparse@2.0.1:
    resolution:
      { integrity: sha512-8+9WqebbFzpX9OR+Wa6O29asIogeRMzcGtAINdpMHHyAg10f05aSFVBbcEqGf/PXw1EjAZ+q2/bEBg3DvurK3Q== }

  ast-parents@0.0.1:
    resolution:
      { integrity: sha512-XHusKxKz3zoYk1ic8Un640joHbFMhbqneyoZfoKnEGtf2ey9Uh/IdpcQplODdO/kENaMIWsD0nJm4+wX3UNLHA== }

  astral-regex@2.0.0:
    resolution:
      { integrity: sha512-Z7tMw1ytTXt5jqMcOP+OQteU1VuNK9Y02uuJtKQ1Sv69jXQKKg5cibLwGJow8yzZP+eAc18EmLGPal0bp36rvQ== }
    engines: { node: ">=8" }

  balanced-match@1.0.2:
    resolution:
      { integrity: sha512-3oSeUO0TMV67hN1AmbXsK4yaqU7tjiHlbxRDZOpH0KW9+CeX4bRAaX0Anxt0tx2MrpRpWwQaPwIlISEJhYU5Pw== }

  brace-expansion@2.0.2:
    resolution:
      { integrity: sha512-Jt0vHyM+jmUBqojB7E1NIYadt0vI0Qxjxd2TErW94wDz+E2LAm5vKMXXwg6ZZBTHPuUlDgQHKXvjGBdfcF1ZDQ== }

  braces@3.0.3:
    resolution:
      { integrity: sha512-yQbXgO/OSZVD2IsiLlro+7Hf6Q18EJrKSEsdoMzKePKXct3gvD8oLcOQdIzGupr5Fj+EDe8gO/lxc1BzfMpxvA== }
    engines: { node: ">=8" }

  callsites@3.1.0:
    resolution:
      { integrity: sha512-P8BjAsXvZS+VIDUI11hHCQEv74YT67YUi5JJFNWIqL235sBmjX4+qx9Muvls5ivyNENctx46xQLQ3aTuE7ssaQ== }
    engines: { node: ">=6" }

  camel-case@4.1.2:
    resolution:
      { integrity: sha512-gxGWBrTT1JuMx6R+o5PTXMmUnhnVzLQ9SNutD4YqKtI6ap897t3tKECYla6gCWEkplXnlNybEkZg9GEGxKFCgw== }

  capital-case@1.0.4:
    resolution:
      { integrity: sha512-ds37W8CytHgwnhGGTi88pcPyR15qoNkOpYwmMMfnWqqWgESapLqvDx6huFjQ5vqWSn2Z06173XNA7LtMOeUh1A== }

  chalk@4.1.2:
    resolution:
      { integrity: sha512-oKnbhFyRIXpUuez8iBMmyEa4nbj4IOQyuhc/wy9kY7/WVPcwIO9VA668Pu8RkO7+0G76SLROeyw9CpQ061i4mA== }
    engines: { node: ">=10" }

  chalk@5.4.1:
    resolution:
      { integrity: sha512-zgVZuo2WcZgfUEmsn6eO3kINexW8RAE4maiQ8QNs8CtpPCSyMiYsULR3HQYkm3w8FIA3SberyMJMSldGsW+U3w== }
    engines: { node: ^12.17.0 || ^14.13 || >=16.0.0 }

  change-case@4.1.2:
    resolution:
      { integrity: sha512-bSxY2ws9OtviILG1EiY5K7NNxkqg/JnRnFxLtKQ96JaviiIxi7djMrSd0ECT9AC+lttClmYwKw53BWpOMblo7A== }

  cli-cursor@5.0.0:
    resolution:
      { integrity: sha512-aCj4O5wKyszjMmDT4tZj93kxyydN/K5zPWSCe6/0AV/AA1pqe5ZBIw0a2ZfPQV7lL5/yb5HsUreJ6UFAF1tEQw== }
    engines: { node: ">=18" }

  cli-truncate@4.0.0:
    resolution:
      { integrity: sha512-nPdaFdQ0h/GEigbPClz11D0v/ZJEwxmeVZGeMo3Z5StPtUTkA9o1lD6QwoirYiSDzbcwn2XcjwmCp68W1IS4TA== }
    engines: { node: ">=18" }

  color-convert@2.0.1:
    resolution:
      { integrity: sha512-RRECPsj7iu/xb5oKYcsFHSppFNnsj/52OVTRKb4zP5onXwVF3zVmmToNcOfGC+CRDpfK/U584fMg38ZHCaElKQ== }
    engines: { node: ">=7.0.0" }

  color-name@1.1.4:
    resolution:
      { integrity: sha512-dOy+3AuW3a2wNbZHIuMZpTcgjGuLU/uBL/ubcZF9OXbDo8ff4O8yVp5Bf0efS8uEoYo5q4Fx7dY9OgQGXgAsQA== }

  colorette@2.0.20:
    resolution:
      { integrity: sha512-IfEDxwoWIjkeXL1eXcDiow4UbKjhLdq6/EuSVR9GMN7KVH3r9gQ83e73hsz1Nd1T3ijd5xv1wcWRYO+D6kCI2w== }

  command-exists@1.2.9:
    resolution:
      { integrity: sha512-LTQ/SGc+s0Xc0Fu5WaKnR0YiygZkm9eKFvyS+fRsU7/ZWFF8ykFM6Pc9aCVf1+xasOOZpO3BAVgVrKvsqKHV7w== }

  commander@10.0.1:
    resolution:
      { integrity: sha512-y4Mg2tXshplEbSGzx7amzPwKKOCGuoSRP/CjEdwwk0FOGlUbq6lKuoyDZTNZkmxHdJtp54hdfY/JUrdL7Xfdug== }
    engines: { node: ">=14" }

  commander@14.0.0:
    resolution:
      { integrity: sha512-2uM9rYjPvyq39NwLRqaiLtWHyDC1FvryJDa2ATTVims5YAS4PupsEQsDvP14FqhFr0P49CYDugi59xaxJlTXRA== }
    engines: { node: ">=20" }

  commander@8.3.0:
    resolution:
      { integrity: sha512-OkTL9umf+He2DZkUq8f8J9of7yL6RJKI24dVITBmNfZBmri9zYZQrKkuXiKhyfPSu8tUhnVBB1iKXevvnlR4Ww== }
    engines: { node: ">= 12" }

  constant-case@3.0.4:
    resolution:
      { integrity: sha512-I2hSBi7Vvs7BEuJDr5dDHfzb/Ruj3FyvFyh7KLilAjNQw3Be+xgqUBA2W6scVEcL0hL1dwPRtIqEPVUCKkSsyQ== }

  cosmiconfig@8.3.6:
    resolution:
      { integrity: sha512-kcZ6+W5QzcJ3P1Mt+83OUv/oHFqZHIx8DuxG6eZ5RGMERoLqp4BuGjhHLYGK+Kf5XVkQvqBSmAy/nGWN3qDgEA== }
    engines: { node: ">=14" }
    peerDependencies:
      typescript: ">=4.9.5"
    peerDependenciesMeta:
      typescript:
        optional: true

  create-require@1.1.1:
    resolution:
      { integrity: sha512-dcKFX3jn0MpIaXjisoRvexIJVEKzaq7z2rZKxf+MSr9TkdmHmsU4m2lcLojrj/FHl8mk5VxMmYA+ftRkP/3oKQ== }

  cross-spawn@7.0.6:
    resolution:
      { integrity: sha512-uV2QOWP2nWzsy2aMp8aRibhi9dlzF5Hgh5SHaB9OiTGEyDTiJJyx0uy51QXdyWbtAHNua4XJzUKca3OzKUd3vA== }
    engines: { node: ">= 8" }

  date-fns@2.30.0:
    resolution:
      { integrity: sha512-fnULvOpxnC5/Vg3NCiWelDsLiUc9bRwAPs/+LfTLNvetFCtCTN+yQz15C/fs4AwX1R9K5GLtLfn8QW+dWisaAw== }
    engines: { node: ">=0.11" }

  debug@4.4.1:
    resolution:
      { integrity: sha512-KcKCqiftBJcZr++7ykoDIEwSa3XWowTfNPo92BYxjXiyYEVrUQh2aLyhxBCwww+heortUFxEJYcRzosstTEBYQ== }
    engines: { node: ">=6.0" }
    peerDependencies:
      supports-color: "*"
    peerDependenciesMeta:
      supports-color:
        optional: true

  diff@4.0.2:
    resolution:
      { integrity: sha512-58lmxKSA4BNyLz+HHMUzlOEpg09FV+ev6ZMe3vJihgdxzgcwZ8VoEEPmALCZG9LmqfVoNMMKpttIYTVG6uDY7A== }
    engines: { node: ">=0.3.1" }

  dot-case@3.0.4:
    resolution:
      { integrity: sha512-Kv5nKlh6yRrdrGvxeJ2e5y2eRUpkUosIW4A2AS38zwSz27zu7ufDwQPi5Jhs3XAlGNetl3bmnGhQsMtkKJnj3w== }

  ds-test@https://codeload.github.com/dapphub/ds-test/tar.gz/e282159d5170298eb2455a6c05280ab5a73a4ef0:
    resolution: { tarball: https://codeload.github.com/dapphub/ds-test/tar.gz/e282159d5170298eb2455a6c05280ab5a73a4ef0 }
    version: 1.0.0

  eastasianwidth@0.2.0:
    resolution:
      { integrity: sha512-I88TYZWc9XiYHRQ4/3c5rjjfgkjhLyW2luGIheGERbNQ6OY7yTybanSpDXZa8y7VUP9YmDcYa+eyq4ca7iLqWA== }

  emoji-regex@10.4.0:
    resolution:
      { integrity: sha512-EC+0oUMY1Rqm4O6LLrgjtYDvcVYTy7chDnM4Q7030tP4Kwj3u/pR6gP9ygnp2CJMK5Gq+9Q2oqmrFJAz01DXjw== }

  emoji-regex@8.0.0:
    resolution:
      { integrity: sha512-MSjYzcWNOA0ewAHpz0MxpYFvwg6yjy1NG3xteoqz644VCo/RPgnr1/GGt+ic3iJTzQ8Eu3TdM14SawnVUmGE6A== }

  emoji-regex@9.2.2:
    resolution:
      { integrity: sha512-L18DaJsXSUk2+42pv8mLs5jJT2hqFkFE4j21wOmgbUqsZ2hL72NsUU785g9RXgo3s0ZNgVl42TiHp3ZtOv/Vyg== }

  environment@1.1.0:
    resolution:
      { integrity: sha512-xUtoPkMggbz0MPyPiIWr1Kp4aeWJjDZ6SMvURhimjdZgsRuDplF5/s9hcgGhyXMhs+6vpnuoiZ2kFiu3FMnS8Q== }
    engines: { node: ">=18" }

  error-ex@1.3.2:
    resolution:
      { integrity: sha512-7dFHNmqeFSEt2ZBsCriorKnn3Z2pj+fd9kmI6QoWw4//DL+icEBfc0U7qJCisqrTsKTjw4fNFy2pW9OqStD84g== }

  eventemitter3@5.0.1:
    resolution:
      { integrity: sha512-GWkBvjiSZK87ELrYOSESUYeVIc9mvLLf/nXalMOS5dYrgZq9o5OVkbZAVM06CVxYsCwH9BDZFPlQTlPA1j4ahA== }

  fast-deep-equal@3.1.3:
    resolution:
      { integrity: sha512-f3qQ9oQy9j2AhBe/H9VC91wLmKBCCU/gDOnKNAYG5hswO7BLKj09Hc5HYNz9cGI++xlpDCIgDaitVs03ATR84Q== }

  fast-diff@1.3.0:
    resolution:
      { integrity: sha512-VxPP4NqbUjj6MaAOafWeUn2cXWLcCtljklUtZf0Ind4XQ+QPtmA0b18zZy0jIQx+ExRVCR/ZQpBmik5lXshNsw== }

  fast-json-stable-stringify@2.1.0:
    resolution:
      { integrity: sha512-lhd/wF+Lk98HZoTCtlVraHtfh5XYijIjalXck7saUtuanSDyLMxnHhSXEDJqHxD7msR8D0uCmqlkwjCV8xvwHw== }

  fast-uri@3.0.6:
    resolution:
      { integrity: sha512-Atfo14OibSv5wAp4VWNsFYE1AchQRTv9cBGWET4pZWHzYshFSS9NQI6I57rdKn9croWVMbYFbLhJ+yJvmZIIHw== }

  fill-range@7.1.1:
    resolution:
      { integrity: sha512-YsGpe3WHLK8ZYi4tWDg2Jy3ebRz2rXowDxnld4bkQB00cc/1Zw9AWnC0i9ztDJitivtQvaI9KaLyKrc+hBW0yg== }
    engines: { node: ">=8" }

  follow-redirects@1.15.9:
    resolution:
      { integrity: sha512-gew4GsXizNgdoRyqmyfMHyAmXsZDk6mHkSxZFCzW9gwlbtOW44CDtYavM+y+72qD/Vq2l550kMF52DT8fOLJqQ== }
    engines: { node: ">=4.0" }
    peerDependencies:
      debug: "*"
    peerDependenciesMeta:
      debug:
        optional: true

  foreground-child@3.3.1:
    resolution:
      { integrity: sha512-gIXjKqtFuWEgzFRJA9WCQeSJLZDjgJUOMCMzxtvFq/37KojM1BFGufqsCy0r4qSQmYLsZYMeyRqzIWOMup03sw== }
    engines: { node: ">=14" }

  forge-std@https://codeload.github.com/foundry-rs/forge-std/tar.gz/60acb7aaadcce2d68e52986a0a66fe79f07d138f:
    resolution:
      { tarball: https://codeload.github.com/foundry-rs/forge-std/tar.gz/60acb7aaadcce2d68e52986a0a66fe79f07d138f }
    version: 1.9.7

  fs-extra@11.3.0:
    resolution:
      { integrity: sha512-Z4XaCL6dUDHfP/jT25jJKMmtxvuwbkrD1vNSMFlo9lNLY2c5FHYSQgHPRZUjAB26TpDEoW9HCOgplrdbaPV/ew== }
    engines: { node: ">=14.14" }

  fs.realpath@1.0.0:
    resolution:
      { integrity: sha512-OO0pH2lK6a0hZnAdau5ItzHPI6pUlvI7jMVnxUQRtw4owF2wk8lOSabtGDCTP4Ggrg2MbGnWO9X8K1t4+fGMDw== }

  get-east-asian-width@1.3.0:
    resolution:
      { integrity: sha512-vpeMIQKxczTD/0s2CdEWHcb0eeJe6TFjxb+J5xgX7hScxqrGuyjmv4c1D4A/gelKfyox0gJJwIHF+fLjeaM8kQ== }
    engines: { node: ">=18" }

  glob@11.0.3:
    resolution:
      { integrity: sha512-2Nim7dha1KVkaiF4q6Dj+ngPPMdfvLJEOpZk/jKiUAkqKebpGAWQXAq9z1xu9HKu5lWfqw/FASuccEjyznjPaA== }
    engines: { node: 20 || >=22 }
    hasBin: true

  glob@8.1.0:
    resolution:
      { integrity: sha512-r8hpEjiQEYlF2QU0df3dS+nxxSIreXQS1qRhMJM0Q5NDdR386C7jb7Hwwod8Fgiuex+k0GFjgft18yvxm5XoCQ== }
    engines: { node: ">=12" }
    deprecated: Glob versions prior to v9 are no longer supported

  graceful-fs@4.2.11:
    resolution:
      { integrity: sha512-RbJ5/jmFcNNCcDV5o9eTnBLJ/HszWV0P73bc+Ff4nS/rJj+YaS6IGyiOL0VoBYX+l1Wrl3k63h/KrH+nhJ0XvQ== }

  has-flag@4.0.0:
    resolution:
      { integrity: sha512-EykJT/Q1KjTWctppgIAgfSO0tKVuZUjhgMr17kqTumMl6Afv3EISleU7qZUzoXDFTAHTDC4NOoG/ZxU3EvlMPQ== }
    engines: { node: ">=8" }

  header-case@2.0.4:
    resolution:
      { integrity: sha512-H/vuk5TEEVZwrR0lp2zed9OCo1uAILMlx0JEMgC26rzyJJ3N1v6XkwHHXJQdR2doSjcGPM6OKPYoJgf0plJ11Q== }

  husky@8.0.3:
    resolution:
      { integrity: sha512-+dQSyqPh4x1hlO1swXBiNb2HzTDN1I2IGLQx1GrBuiqFJfoMrnZWwVmatvSiO+Iz8fBUnf+lekwNo4c2LlXItg== }
    engines: { node: ">=14" }
    hasBin: true

  ignore@5.3.2:
    resolution:
      { integrity: sha512-hsBTNUqQTDwkWtcdYI2i06Y/nUBEsNEDJKjWdigLvegy8kDuJAS8uRlpkkcQpyEXL0Z/pjDy5HBmMjRCJ2gq+g== }
    engines: { node: ">= 4" }

  import-fresh@3.3.1:
    resolution:
      { integrity: sha512-TR3KfrTZTYLPB6jUjfx6MF9WcWrHL9su5TObK4ZkYgBdWKPOFoSoQIdEuTuR82pmtxH2spWG9h6etwfr1pLBqQ== }
    engines: { node: ">=6" }

  inflight@1.0.6:
    resolution:
      { integrity: sha512-k92I/b08q4wvFscXCLvqfsHCrjrF7yiXsQuIVvVE7N82W3+aqpzuUdBbfhWcy/FZR3/4IgflMgKLOsvPDrGCJA== }
    deprecated: This module is not supported, and leaks memory. Do not use it. Check out lru-cache if you want a good and tested way to coalesce async requests by a key value, which is much more comprehensive and powerful.

  inherits@2.0.4:
    resolution:
      { integrity: sha512-k/vGaX4/Yla3WzyMCvTQOXYeIHvqOKtnqBduzTHpzpQZzAskKMhZ2K+EnBiSM9zGSoIFeMpXKxa4dYeZIQqewQ== }

  is-arrayish@0.2.1:
    resolution:
      { integrity: sha512-zz06S8t0ozoDXMG+ube26zeCTNXcKIPJZJi8hBrF4idCLms4CG9QtK7qBl1boi5ODzFpjswb5JPmHCbMpjaYzg== }

  is-fullwidth-code-point@3.0.0:
    resolution:
      { integrity: sha512-zymm5+u+sCsSWyD9qNaejV3DFvhCKclKdizYaJUuHA83RLjb7nSuGnddCHGv0hk+KY7BMAlsWeK4Ueg6EV6XQg== }
    engines: { node: ">=8" }

  is-fullwidth-code-point@4.0.0:
    resolution:
      { integrity: sha512-O4L094N2/dZ7xqVdrXhh9r1KODPJpFms8B5sGdJLPy664AgvXsreZUyCQQNItZRDlYug4xStLjNp/sz3HvBowQ== }
    engines: { node: ">=12" }

  is-fullwidth-code-point@5.0.0:
    resolution:
      { integrity: sha512-OVa3u9kkBbw7b8Xw5F9P+D/T9X+Z4+JruYVNapTjPYZYUznQ5YfWeFkOj606XYYW8yugTfC8Pj0hYqvi4ryAhA== }
    engines: { node: ">=18" }

  is-number@7.0.0:
    resolution:
      { integrity: sha512-41Cifkg6e8TylSpdtTpeLVMqvSBEVzTttHvERD741+pnZ8ANv0004MRL43QKPDlK9cGvNp6NZWZUBlbGXYxxng== }
    engines: { node: ">=0.12.0" }

  isexe@2.0.0:
    resolution:
      { integrity: sha512-RHxMLp9lnKHGHRng9QFhRCMbYAcVpn69smSGcq3f36xjgVVWThj4qqLbTLlq7Ssj8B+fIQ1EuCEGI2lKsyQeIw== }

  jackspeak@4.1.1:
    resolution:
      { integrity: sha512-zptv57P3GpL+O0I7VdMJNBZCu+BPHVQUk55Ft8/QCJjTVxrnJHuVuX/0Bl2A6/+2oyR/ZMEuFKwmzqqZ/U5nPQ== }
    engines: { node: 20 || >=22 }

  js-sha3@0.8.0:
    resolution:
      { integrity: sha512-gF1cRrHhIzNfToc802P800N8PpXS+evLLXfsVpowqmAFR9uwbi89WvXg2QspOmXL8QL86J4T1EpFu+yUkwJY3Q== }

  js-tokens@4.0.0:
    resolution:
      { integrity: sha512-RdJUflcE3cUzKiMqQgsCu06FPu9UdIJO0beYbPhHN4k6apgJtifcoCtT9bcxOpYBtpD2kCM6Sbzg4CausW/PKQ== }

  js-yaml@4.1.0:
    resolution:
      { integrity: sha512-wpxZs9NoxZaJESJGIZTyDEaYpl0FKSA+FB9aJiyemKhMwkxQg63h4T1KJgUGHpTqPDNRcmmYLugrRjJlBtWvRA== }
    hasBin: true

  json-parse-even-better-errors@2.3.1:
    resolution:
      { integrity: sha512-xyFwyhro/JEof6Ghe2iz2NcXoj2sloNsWr/XsERDK/oiPCfaNhl5ONfp+jQdAZRQQ0IJWNzH9zIZF7li91kh2w== }

  json-schema-traverse@0.4.1:
    resolution:
      { integrity: sha512-xbbCH5dCYU5T8LcEhhuh7HJ88HXuW3qsI3Y0zOZFKfZEHcpWiHU/Jxzk629Brsab/mMiHQti9wMP+845RPe3Vg== }

  json-schema-traverse@1.0.0:
    resolution:
      { integrity: sha512-NM8/P9n3XjXhIZn1lLhkFaACTOURQXjWhV4BA/RnOv8xvgqtqpAX9IO4mRQxSx1Rlo4tqzeqb0sOlruaOy3dug== }

  jsonfile@6.1.0:
    resolution:
      { integrity: sha512-5dgndWOriYSm5cnYaJNhalLNDKOqFwyDB/rr1E9ZsGciGvKPs8R2xYGCacuf3z6K1YKDz182fd+fY3cn3pMqXQ== }

  lilconfig@3.1.3:
    resolution:
      { integrity: sha512-/vlFKAoH5Cgt3Ie+JLhRbwOsCQePABiU3tJ1egGvyQ+33R/vcwM2Zl2QR/LzjsBeItPt3oSVXapn+m4nQDvpzw== }
    engines: { node: ">=14" }

  lines-and-columns@1.2.4:
    resolution:
      { integrity: sha512-7ylylesZQ/PV29jhEDl3Ufjo6ZX7gCqJr5F7PKrqc93v7fzSymt1BpwEU8nAUXs8qzzvqhbjhK5QZg6Mt/HkBg== }

  lint-staged@16.1.2:
    resolution:
      { integrity: sha512-sQKw2Si2g9KUZNY3XNvRuDq4UJqpHwF0/FQzZR2M7I5MvtpWvibikCjUVJzZdGE0ByurEl3KQNvsGetd1ty1/Q== }
    engines: { node: ">=20.17" }
    hasBin: true

  listr2@8.3.3:
    resolution:
      { integrity: sha512-LWzX2KsqcB1wqQ4AHgYb4RsDXauQiqhjLk+6hjbaeHG4zpjjVAB6wC/gz6X0l+Du1cN3pUB5ZlrvTbhGSNnUQQ== }
    engines: { node: ">=18.0.0" }

  lodash.truncate@4.4.2:
    resolution:
      { integrity: sha512-jttmRe7bRse52OsWIMDLaXxWqRAmtIUccAQ3garviCqJjafXOfNMO0yMfNpdD6zbGaTU0P5Nz7e7gAT6cKmJRw== }

  lodash@4.17.21:
    resolution:
      { integrity: sha512-v2kDEe57lecTulaDIuNTPy3Ry4gLGJ6Z1O3vE1krgXZNrsQ+LFTGHVxVjcXPs17LhbZVGedAJv8XZ1tvj5FvSg== }

  log-update@6.1.0:
    resolution:
      { integrity: sha512-9ie8ItPR6tjY5uYJh8K/Zrv/RMZ5VOlOWvtZdEHYSTFKZfIBPQa9tOAEeAWhd+AnIneLJ22w5fjOYtoutpWq5w== }
    engines: { node: ">=18" }

  lower-case@2.0.2:
    resolution:
      { integrity: sha512-7fm3l3NAF9WfN6W3JOmf5drwpVqX78JtoGJ3A6W0a6ZnldM41w2fV5D490psKFTpMds8TJse/eHLFFsNHHjHgg== }

  lru-cache@11.1.0:
    resolution:
      { integrity: sha512-QIXZUBJUx+2zHUdQujWejBkcD9+cs94tLn0+YL8UrCh+D5sCXZ4c7LaEH48pNwRY3MLDgqUFyhlCyjJPf1WP0A== }
    engines: { node: 20 || >=22 }

  make-error@1.3.6:
    resolution:
      { integrity: sha512-s8UhlNe7vPKomQhC1qFelMokr/Sc3AgNbso3n74mVPA5LTZwkB9NlXf4XPamLxJE8h0gh73rM94xvwRT2CVInw== }

  memorystream@0.3.1:
    resolution:
      { integrity: sha512-S3UwM3yj5mtUSEfP41UZmt/0SCoVYUcU1rkXv+BQ5Ig8ndL4sPoJNBUJERafdPb5jjHJGuMgytgKvKIf58XNBw== }
    engines: { node: ">= 0.10.0" }

  micromatch@4.0.8:
    resolution:
      { integrity: sha512-PXwfBhYu0hBCPw8Dn0E+WDYb7af3dSLVWKi3HGv84IdF4TyFoC0ysxFd0Goxw7nSv4T/PzEJQxsYsEiFCKo2BA== }
    engines: { node: ">=8.6" }

  mimic-function@5.0.1:
    resolution:
      { integrity: sha512-VP79XUPxV2CigYP3jWwAUFSku2aKqBH7uTAapFWCBqutsbmDo96KY5o8uh6U+/YSIn5OxJnXp73beVkpqMIGhA== }
    engines: { node: ">=18" }

  minimatch@10.0.3:
    resolution:
      { integrity: sha512-IPZ167aShDZZUMdRk66cyQAW3qr0WzbHkPdMYa8bzZhlHhO3jALbKdxcaak7W9FfT2rZNpQuUu4Od7ILEpXSaw== }
    engines: { node: 20 || >=22 }

  minimatch@5.1.6:
    resolution:
      { integrity: sha512-lKwV/1brpG6mBUFHtb7NUmtABCb2WZZmm2wNiOA5hAb8VdCS4B3dtMWyvcoViccwAW/COERjXLt0zP1zXUN26g== }
    engines: { node: ">=10" }

  minipass@7.1.2:
    resolution:
      { integrity: sha512-qOOzS1cBTWYF4BH8fVePDBOO9iptMnGUEZwNc/cMWnTV2nVLZ7VoNWEPHkYczZA0pdoA7dl6e7FL659nX9S2aw== }
    engines: { node: ">=16 || 14 >=14.17" }

  ms@2.1.3:
    resolution:
      { integrity: sha512-6FlzubTLZG3J2a/NVCAleEhjzq5oxgHyaCU9yYXvcLsvoVaHJq/s5xXI6/XXP6tz7R9xAOtHnSO/tXtF3WRTlA== }

  nano-spawn@1.0.2:
    resolution:
      { integrity: sha512-21t+ozMQDAL/UGgQVBbZ/xXvNO10++ZPuTmKRO8k9V3AClVRht49ahtDjfY8l1q6nSHOrE5ASfthzH3ol6R/hg== }
    engines: { node: ">=20.17" }

  no-case@3.0.4:
    resolution:
      { integrity: sha512-fgAN3jGAh+RoxUGZHTSOLJIqUc2wmoBwGR4tbpNAKmmovFoWq0OdRkb0VkldReO2a2iBT/OEulG9XSUc10r3zg== }

  once@1.4.0:
    resolution:
      { integrity: sha512-lNaJgI+2Q5URQBkccEKHTQOPaXdUxnZZElQTZY0MFUAuaEqe1E+Nyvgdz/aIyNi6Z9MzO5dv1H8n58/GELp3+w== }

  onetime@7.0.0:
    resolution:
      { integrity: sha512-VXJjc87FScF88uafS3JllDgvAm+c/Slfz06lorj2uAY34rlUu0Nt+v8wreiImcrgAjjIHp1rXpTDlLOGw29WwQ== }
    engines: { node: ">=18" }

  os-tmpdir@1.0.2:
    resolution:
      { integrity: sha512-D2FR03Vir7FIu45XBY20mTb+/ZSWB00sjU9jdQXt83gDrI4Ztz5Fs7/yy74g2N5SVQY4xY1qDr4rNddwYRVX0g== }
    engines: { node: ">=0.10.0" }

  package-json-from-dist@1.0.1:
    resolution:
      { integrity: sha512-UEZIS3/by4OC8vL3P2dTXRETpebLI2NiI5vIrjaD/5UtrkFX/tNbwjTSRAGC/+7CAo2pIcBaRgWmcBBHcsaCIw== }

  param-case@3.0.4:
    resolution:
      { integrity: sha512-RXlj7zCYokReqWpOPH9oYivUzLYZ5vAPIfEmCTNViosC78F8F0H9y7T7gG2M39ymgutxF5gcFEsyZQSph9Bp3A== }

  parent-module@1.0.1:
    resolution:
      { integrity: sha512-GQ2EWRpQV8/o+Aw8YqtfZZPfNRWZYkbidE9k5rpl/hC3vtHHBfGm2Ifi6qWV+coDGkrUKZAxE3Lot5kcsRlh+g== }
    engines: { node: ">=6" }

  parse-json@5.2.0:
    resolution:
      { integrity: sha512-ayCKvm/phCGxOkYRSCM82iDwct8/EonSEgCSxWxD7ve6jHggsFl4fZVQBPRNgQoKiuV/odhFrGzQXZwbifC8Rg== }
    engines: { node: ">=8" }

  pascal-case@3.1.2:
    resolution:
      { integrity: sha512-uWlGT3YSnK9x3BQJaOdcZwrnV6hPpd8jFH1/ucpiLRPh/2zCVJKS19E4GvYHvaCcACn3foXZ0cLB9Wrx1KGe5g== }

  path-case@3.0.4:
    resolution:
      { integrity: sha512-qO4qCFjXqVTrcbPt/hQfhTQ+VhFsqNKOPtytgNKkKxSoEp3XPUQ8ObFuePylOIok5gjn69ry8XiULxCwot3Wfg== }

  path-key@3.1.1:
    resolution:
      { integrity: sha512-ojmeN0qd+y0jszEtoY48r0Peq5dwMEkIlCOu6Q5f41lfkswXuKtYrhgoTpLnyIcHm24Uhqx+5Tqm2InSwLhE6Q== }
    engines: { node: ">=8" }

  path-scurry@2.0.0:
    resolution:
      { integrity: sha512-ypGJsmGtdXUOeM5u93TyeIEfEhM6s+ljAhrk5vAvSx8uyY/02OvrZnA0YNGUrPXfpJMgI1ODd3nwz8Npx4O4cg== }
    engines: { node: 20 || >=22 }

  path-type@4.0.0:
    resolution:
      { integrity: sha512-gDKb8aZMDeD/tZWs9P6+q0J9Mwkdl6xMV8TjnGP3qJVJ06bdMgkbBlLU8IdfOsIsFz2BW1rNVT3XuNEl8zPAvw== }
    engines: { node: ">=8" }

  picocolors@1.1.1:
    resolution:
      { integrity: sha512-xceH2snhtb5M9liqDsmEw56le376mTZkEX/jEb/RxNFyegNul7eNslCXP9FDj/Lcu0X8KEyMceP2ntpaHrDEVA== }

  picomatch@2.3.1:
    resolution:
      { integrity: sha512-JU3teHTNjmE2VCGFzuY8EXzCDVwEqB2a8fsIvwaStHhAWJEeVd1o1QD80CU6+ZdEXXSLbSsuLwJjkCBWqRQUVA== }
    engines: { node: ">=8.6" }

  pidtree@0.6.0:
    resolution:
      { integrity: sha512-eG2dWTVw5bzqGRztnHExczNxt5VGsE6OwTeCG3fdUf9KBsZzO3R5OIIIzWR+iZA0NtZ+RDVdaoE2dK1cn6jH4g== }
    engines: { node: ">=0.10" }
    hasBin: true

  pluralize@8.0.0:
    resolution:
      { integrity: sha512-Nc3IT5yHzflTfbjgqWcCPpo7DaKy4FnpB0l/zCAW0Tc7jxAiuqSxHasntB3D7887LSrA93kDJ9IXovxJYxyLCA== }
    engines: { node: ">=4" }

  prettier-linter-helpers@1.0.0:
    resolution:
      { integrity: sha512-GbK2cP9nraSSUF9N2XwUwqfzlAFlMNYYl+ShE/V+H8a9uNl/oUqB1w2EL54Jh0OlyRSd8RfWYJ3coVS4TROP2w== }
    engines: { node: ">=6.0.0" }

  prettier-plugin-solidity@1.4.3:
    resolution:
      { integrity: sha512-Mrr/iiR9f9IaeGRMZY2ApumXcn/C5Gs3S7B7hWB3gigBFML06C0yEyW86oLp0eqiA0qg+46FaChgLPJCj/pIlg== }
    engines: { node: ">=18" }
    peerDependencies:
      prettier: ">=2.3.0"

  prettier@2.8.8:
    resolution:
      { integrity: sha512-tdN8qQGvNjw4CHbY+XXk0JgCXn9QiF21a55rBe5LJAU+kDyC4WQn4+awm2Xfk2lQMk5fKup9XgzTZtGkjBdP9Q== }
    engines: { node: ">=10.13.0" }
    hasBin: true

  prettier@3.6.2:
    resolution:
      { integrity: sha512-I7AIg5boAr5R0FFtJ6rCfD+LFsWHp81dolrFD8S79U9tb8Az2nGrJncnMSnys+bpQJfRUzqs9hnA81OAA3hCuQ== }
    engines: { node: ">=14" }
    hasBin: true

  punycode@2.3.1:
    resolution:
      { integrity: sha512-vYt7UD1U9Wg6138shLtLOvdAu+8DsC/ilFtEVHcH+wydcSpNE20AfSOduf6MkRFahL5FY7X1oU7nKVZFtfq8Fg== }
    engines: { node: ">=6" }

  require-from-string@2.0.2:
    resolution:
      { integrity: sha512-Xf0nWe6RseziFMu+Ap9biiUbmplq6S9/p+7w7YXP/JBHhrUDDUhwa+vANyubuqfZWTveU//DYVGsDG7RKL/vEw== }
    engines: { node: ">=0.10.0" }

  resolve-from@4.0.0:
    resolution:
      { integrity: sha512-pb/MYmXstAkysRFx8piNI1tGFNQIFA3vkE3Gq4EuA1dF6gHp/+vgZqsCGJapvy8N3Q+4o7FwvquPJcnZ7RYy4g== }
    engines: { node: ">=4" }

  restore-cursor@5.1.0:
    resolution:
      { integrity: sha512-oMA2dcrw6u0YfxJQXm342bFKX/E4sG9rbTzO9ptUcR/e8A33cHuvStiYOwH7fszkZlZ1z/ta9AAoPk2F4qIOHA== }
    engines: { node: ">=18" }

  rfdc@1.4.1:
    resolution:
      { integrity: sha512-q1b3N5QkRUWUl7iyylaaj3kOpIT0N2i9MqIEQXP73GVsN9cw3fdx8X63cEmWhJGi2PPCF23Ijp7ktmd39rawIA== }

  semver@5.7.2:
    resolution:
      { integrity: sha512-cBznnQ9KjJqU67B52RMC65CMarK2600WFnbkcaiwWq3xy/5haFJlshgnpjovMVJ+Hff49d8GEn0b87C5pDQ10g== }
    hasBin: true

  semver@7.7.2:
    resolution:
      { integrity: sha512-RF0Fw+rO5AMf9MAyaRXI4AV0Ulj5lMHqVxxdSgiVbixSCXoEmmX/jk0CuJw4+3SqroYO9VoUh+HcuJivvtJemA== }
    engines: { node: ">=10" }
    hasBin: true

  sentence-case@3.0.4:
    resolution:
      { integrity: sha512-8LS0JInaQMCRoQ7YUytAo/xUu5W2XnQxV2HI/6uM6U7CITS1RqPElr30V6uIqyMKM9lJGRVFy5/4CuzcixNYSg== }

  shebang-command@2.0.0:
    resolution:
      { integrity: sha512-kHxr2zZpYtdmrN1qDjrrX/Z1rR1kG8Dx+gkpK1G4eXmvXswmcE1hTWBWYUzlraYw1/yZp6YuDY77YtvbN0dmDA== }
    engines: { node: ">=8" }

  shebang-regex@3.0.0:
    resolution:
      { integrity: sha512-7++dFhtcx3353uBaq8DDR4NuxBetBzC7ZQOhmTQInHEd6bSrXdiEyzCvG07Z44UYdLShWUyXt5M/yhz8ekcb1A== }
    engines: { node: ">=8" }

  signal-exit@4.1.0:
    resolution:
      { integrity: sha512-bzyZ1e88w9O1iNJbKnOlvYTrWPDl46O1bG0D3XInv+9tkPrxrN8jUUTiFlDkkmKWgn1M6CfIA13SuGqOa9Korw== }
    engines: { node: ">=14" }

  slice-ansi@4.0.0:
    resolution:
      { integrity: sha512-qMCMfhY040cVHT43K9BFygqYbUPFZKHOg7K73mtTWJRb8pyP3fzf4Ixd5SzdEJQ6MRUg/WBnOLxghZtKKurENQ== }
    engines: { node: ">=10" }

  slice-ansi@5.0.0:
    resolution:
      { integrity: sha512-FC+lgizVPfie0kkhqUScwRu1O/lF6NOgJmlCgK+/LYxDCTk8sGelYaHDhFcDN+Sn3Cv+3VSa4Byeo+IMCzpMgQ== }
    engines: { node: ">=12" }

  slice-ansi@7.1.0:
    resolution:
      { integrity: sha512-bSiSngZ/jWeX93BqeIAbImyTbEihizcwNjFoRUIY/T1wWQsfsm2Vw1agPKylXvQTU7iASGdHhyqRlqQzfz+Htg== }
    engines: { node: ">=18" }

  snake-case@3.0.4:
    resolution:
      { integrity: sha512-LAOh4z89bGQvl9pFfNF8V146i7o7/CqFPbqzYgP+yYzDIDeS9HaNFtXABamRW+AQzEVODcvE79ljJ+8a9YSdMg== }

  solc@0.8.30:
    resolution:
      { integrity: sha512-9Srk/gndtBmoUbg4CE6ypAzPQlElv8ntbnl6SigUBAzgXKn35v87sj04uZeoZWjtDkdzT0qKFcIo/wl63UMxdw== }
    engines: { node: ">=12.0.0" }
    hasBin: true

  solhint-plugin-prettier@0.1.0:
    resolution:
      { integrity: sha512-SDOTSM6tZxZ6hamrzl3GUgzF77FM6jZplgL2plFBclj/OjKP8Z3eIPojKU73gRr0MvOS8ACZILn8a5g0VTz/Gw== }
    peerDependencies:
      prettier: ^3.0.0
      prettier-plugin-solidity: ^1.0.0

  solhint@3.6.2:
    resolution:
      { integrity: sha512-85EeLbmkcPwD+3JR7aEMKsVC9YrRSxd4qkXuMzrlf7+z2Eqdfm1wHWq1ffTuo5aDhoZxp2I9yF3QkxZOxOL7aQ== }
    hasBin: true

  solidity-bytes-utils@0.8.4:
    resolution:
      { integrity: sha512-/bjac5YR12i0plOKvGlhE51F5IWGP6rI8DJetCQlXcnwKWz/Hgf/vr+Qlk1BWz56xVcwVhmhCaDkTMnx5xvt0g== }

  string-argv@0.3.2:
    resolution:
      { integrity: sha512-aqD2Q0144Z+/RqG52NeHEkZauTAUWJO8c6yTftGJKO3Tja5tUgIfmIl6kExvhtxSDP7fXB6DvzkfMpCd/F3G+Q== }
    engines: { node: ">=0.6.19" }

  string-width@4.2.3:
    resolution:
      { integrity: sha512-wKyQRQpjJ0sIp62ErSZdGsjMJWsap5oRNihHhu6G7JVO/9jIB6UyevL+tXuOqrng8j/cxKTWyWUwvSTriiZz/g== }
    engines: { node: ">=8" }

  string-width@5.1.2:
    resolution:
      { integrity: sha512-HnLOCR3vjcY8beoNLtcjZ5/nxn2afmME6lhrDrebokqMap+XbeW8n9TXpPDOqdGK5qcI3oT0GKTW6wC7EMiVqA== }
    engines: { node: ">=12" }

  string-width@7.2.0:
    resolution:
      { integrity: sha512-tsaTIkKW9b4N+AEj+SVA+WhJzV7/zMhcSu78mLKWSk7cXMOSHsBKFWUs0fWwq8QyK3MgJBQRX6Gbi4kYbdvGkQ== }
    engines: { node: ">=18" }

  strip-ansi@6.0.1:
    resolution:
      { integrity: sha512-Y38VPSHcqkFrCpFnQ9vuSXmquuv5oXOKpGeT6aGrr3o3Gc9AlVa6JBfUSOCnbxGGZF+/0ooI7KrPuUSztUdU5A== }
    engines: { node: ">=8" }

  strip-ansi@7.1.0:
    resolution:
      { integrity: sha512-iq6eVVI64nQQTRYq2KtEg2d2uU7LElhTJwsH4YzIHZshxlgZms/wIc4VoDQTlG/IvVIrBKG06CrZnp0qv7hkcQ== }
    engines: { node: ">=12" }

  supports-color@7.2.0:
    resolution:
      { integrity: sha512-qpCAvRl9stuOHveKsn7HncJRvv501qIacKzQlO/+Lwxc9+0q2wLyv4Dfvt80/DPn2pqOBsJdDiogXGR9+OvwRw== }
    engines: { node: ">=8" }

  table@6.9.0:
    resolution:
      { integrity: sha512-9kY+CygyYM6j02t5YFHbNz2FN5QmYGv9zAjVp4lCDjlCw7amdckXlEt/bjMhUIfj4ThGRE4gCUH5+yGnNuPo5A== }
    engines: { node: ">=10.0.0" }

  text-table@0.2.0:
    resolution:
      { integrity: sha512-N+8UisAXDGk8PFXP4HAzVR9nbfmVJ3zYLAWiTIoqC5v5isinhr+r5uaO8+7r3BMfuNIufIsA7RdpVgacC2cSpw== }

  tmp@0.0.33:
    resolution:
      { integrity: sha512-jRCJlojKnZ3addtTOjdIqoRuPEKBvNXcGYqzO6zWZX8KfKEpnGY5jfggJQ3EjKuu8D4bJRr0y+cYJFmYbImXGw== }
    engines: { node: ">=0.6.0" }

  to-regex-range@5.0.1:
    resolution:
      { integrity: sha512-65P7iz6X5yEr1cwcgvQxbbIw7Uk3gOy5dIdtZ4rDveLqhrdJP+Li/Hx6tyK0NEb+2GCyneCMJiGqrADCSNk8sQ== }
    engines: { node: ">=8.0" }

  toml@3.0.0:
    resolution:
      { integrity: sha512-y/mWCZinnvxjTKYhJ+pYxwD0mRLVvOtdS2Awbgxln6iEnt4rk0yBxeSBHkGJcPucRiG0e55mwWp+g/05rsrd6w== }

  ts-node@10.9.2:
    resolution:
      { integrity: sha512-f0FFpIdcHgn8zcPSbf1dRevwt047YMnaiJM3u2w2RewrB+fob/zePZcrOyQoLMMO7aBIddLcQIEK5dYjkLnGrQ== }
    hasBin: true
    peerDependencies:
      "@swc/core": ">=1.2.50"
      "@swc/wasm": ">=1.2.50"
      "@types/node": "*"
      typescript: ">=2.7"
    peerDependenciesMeta:
      "@swc/core":
        optional: true
      "@swc/wasm":
        optional: true

  tslib@2.8.1:
    resolution:
      { integrity: sha512-oJFu94HQb+KVduSUQL7wnpmqnfmLsOA/nAh6b6EH0wCEoK0/mPeXU6c3wKDV83MkOuHPRHtSXKKU99IBazS/2w== }

  typescript@5.8.3:
    resolution:
      { integrity: sha512-p1diW6TqL9L07nNxvRMM7hMMw4c5XOo/1ibL4aAIGmSAt9slTE1Xgw5KWuof2uTOvCg9BY7ZRi+GaF+7sfgPeQ== }
    engines: { node: ">=14.17" }
    hasBin: true

  undici-types@5.26.5:
    resolution:
      { integrity: sha512-JlCMO+ehdEIKqlFxk6IfVoAUVmgz7cU7zD/h9XZ0qzeosSHmUJVOzSQvvYSYWXkFXC+IfLKSIffhv0sVZup6pA== }

  undici-types@7.10.0:
    resolution:
      { integrity: sha512-t5Fy/nfn+14LuOc2KNYg75vZqClpAiqscVvMygNnlsHBFpSXdJaYtXMcdNLpl/Qvc3P2cB3s6lOV51nqsFq4ag== }

  universalify@2.0.1:
    resolution:
      { integrity: sha512-gptHNQghINnc/vTGIk0SOFGFNXw7JVrlRUtConJRlvaw6DuX0wO5Jeko9sWrMBhh+PsYAZ7oXAiOnf/UKogyiw== }
    engines: { node: ">= 10.0.0" }

  upper-case-first@2.0.2:
    resolution:
      { integrity: sha512-514ppYHBaKwfJRK/pNC6c/OxfGa0obSnAl106u97Ed0I625Nin96KAjttZF6ZL3e1XLtphxnqrOi9iWgm+u+bg== }

  upper-case@2.0.2:
    resolution:
      { integrity: sha512-KgdgDGJt2TpuwBUIjgG6lzw2GWFRCW9Qkfkiv0DxqHHLYJHmtmdUIKcZd8rHgFSjopVTlw6ggzCm1b8MFQwikg== }

  uri-js@4.4.1:
    resolution:
      { integrity: sha512-7rKUyy33Q1yc98pQ1DAmLtwX109F7TIfWlW1Ydo8Wl1ii1SeHieeh0HHfPeL2fMXK6z0s8ecKs9frCuLJvndBg== }

  v8-compile-cache-lib@3.0.1:
    resolution:
      { integrity: sha512-wa7YjyUGfNZngI/vtK0UHAN+lgDCxBPCylVXGp0zu59Fz5aiGtNXaq3DhIov063MorB+VfufLh3JlF2KdTK3xg== }

  which@2.0.2:
    resolution:
      { integrity: sha512-BLI3Tl1TW3Pvl70l3yq3Y64i+awpwXqsGBYWkkqMtnbXgrMD+yj7rhW0kuEDxzJaYXGjEW5ogapKNMEKNMjibA== }
    engines: { node: ">= 8" }
    hasBin: true

  wrap-ansi@7.0.0:
    resolution:
      { integrity: sha512-YVGIj2kamLSTxw6NsZjoBxfSwsn0ycdesmc4p+Q21c5zPuZ1pl+NfxVdxPtdHvmNVOQ6XSYG4AUtyt/Fi7D16Q== }
    engines: { node: ">=10" }

  wrap-ansi@8.1.0:
    resolution:
      { integrity: sha512-si7QWI6zUMq56bESFvagtmzMdGOtoxfR+Sez11Mobfc7tm+VkUckk9bW2UeffTGVUbOksxmSw0AA2gs8g71NCQ== }
    engines: { node: ">=12" }

  wrap-ansi@9.0.0:
    resolution:
      { integrity: sha512-G8ura3S+3Z2G+mkgNRq8dqaFZAuxfsxpBB8OCTGRTCtp+l/v9nbFNmCUP1BZMts3G1142MsZfn6eeUKrr4PD1Q== }
    engines: { node: ">=18" }

  wrappy@1.0.2:
    resolution:
      { integrity: sha512-l4Sp/DRseor9wL6EvV2+TuQn63dMkPjZ/sp9XkghTEbV9KlPS1xUsZ3u7/IQO4wxtcFB4bgpQPRcR3QCvezPcQ== }

  yaml@2.8.0:
    resolution:
      { integrity: sha512-4lLa/EcQCB0cJkyts+FpIRx5G/llPxfP6VQU5KByHEhLxY3IJCH0f0Hy1MHI8sClTvsIb8qwRJ6R/ZdlDJ/leQ== }
    engines: { node: ">= 14.6" }
    hasBin: true

  yn@3.1.1:
    resolution:
      { integrity: sha512-Ux4ygGWsu2c7isFWe8Yu1YluJmqVhxqK2cLXNQA5AcC3QfbGNpM7fu0Y8b/z16pXLnFxZYvWhd3fhBY9DLmC6Q== }
    engines: { node: ">=6" }

snapshots:
  "@babel/code-frame@7.27.1":
    dependencies:
      "@babel/helper-validator-identifier": 7.27.1
      js-tokens: 4.0.0
      picocolors: 1.1.1

  "@babel/helper-validator-identifier@7.27.1": {}

  "@babel/runtime@7.27.6": {}

  "@cspotcode/source-map-support@0.8.1":
    dependencies:
      "@jridgewell/trace-mapping": 0.3.9

  "@isaacs/balanced-match@4.0.1": {}

  "@isaacs/brace-expansion@5.0.0":
    dependencies:
      "@isaacs/balanced-match": 4.0.1

  "@isaacs/cliui@8.0.2":
    dependencies:
      string-width: 5.1.2
      string-width-cjs: string-width@4.2.3
      strip-ansi: 7.1.0
      strip-ansi-cjs: strip-ansi@6.0.1
      wrap-ansi: 8.1.0
      wrap-ansi-cjs: wrap-ansi@7.0.0

  "@jridgewell/resolve-uri@3.1.2": {}

  "@jridgewell/sourcemap-codec@1.5.4": {}

  "@jridgewell/trace-mapping@0.3.9":
    dependencies:
      "@jridgewell/resolve-uri": 3.1.2
      "@jridgewell/sourcemap-codec": 1.5.4

  "@openzeppelin/contracts@5.4.0": {}

  "@prettier/sync@0.3.0(prettier@3.6.2)":
    dependencies:
      prettier: 3.6.2

  "@solidity-parser/parser@0.16.2":
    dependencies:
      antlr4ts: 0.5.0-alpha.4

  "@solidity-parser/parser@0.20.2": {}

  "@tsconfig/node10@1.0.11": {}

  "@tsconfig/node12@1.0.11": {}

  "@tsconfig/node14@1.0.3": {}

  "@tsconfig/node16@1.0.4": {}

  "@types/fs-extra@11.0.4":
    dependencies:
      "@types/jsonfile": 6.1.4
      "@types/node": 18.19.120

  "@types/jsonfile@6.1.4":
    dependencies:
      "@types/node": 18.19.120

  "@types/node@18.19.120":
    dependencies:
      undici-types: 5.26.5

  "@types/node@24.2.1":
    dependencies:
      undici-types: 7.10.0

  acorn-walk@8.3.4:
    dependencies:
      acorn: 8.15.0

  acorn@8.15.0: {}

  ajv@6.12.6:
    dependencies:
      fast-deep-equal: 3.1.3
      fast-json-stable-stringify: 2.1.0
      json-schema-traverse: 0.4.1
      uri-js: 4.4.1

  ajv@8.17.1:
    dependencies:
      fast-deep-equal: 3.1.3
      fast-uri: 3.0.6
      json-schema-traverse: 1.0.0
      require-from-string: 2.0.2

  ansi-escapes@7.0.0:
    dependencies:
      environment: 1.1.0

  ansi-regex@5.0.1: {}

  ansi-regex@6.1.0: {}

  ansi-styles@4.3.0:
    dependencies:
      color-convert: 2.0.1

  ansi-styles@6.2.1: {}

  antlr4@4.13.2: {}

  antlr4ts@0.5.0-alpha.4: {}

  arg@4.1.3: {}

  argparse@2.0.1: {}

  ast-parents@0.0.1: {}

  astral-regex@2.0.0: {}

  balanced-match@1.0.2: {}

  brace-expansion@2.0.2:
    dependencies:
      balanced-match: 1.0.2

  braces@3.0.3:
    dependencies:
      fill-range: 7.1.1

  callsites@3.1.0: {}

  camel-case@4.1.2:
    dependencies:
      pascal-case: 3.1.2
      tslib: 2.8.1

  capital-case@1.0.4:
    dependencies:
      no-case: 3.0.4
      tslib: 2.8.1
      upper-case-first: 2.0.2

  chalk@4.1.2:
    dependencies:
      ansi-styles: 4.3.0
      supports-color: 7.2.0

  chalk@5.4.1: {}

  change-case@4.1.2:
    dependencies:
      camel-case: 4.1.2
      capital-case: 1.0.4
      constant-case: 3.0.4
      dot-case: 3.0.4
      header-case: 2.0.4
      no-case: 3.0.4
      param-case: 3.0.4
      pascal-case: 3.1.2
      path-case: 3.0.4
      sentence-case: 3.0.4
      snake-case: 3.0.4
      tslib: 2.8.1

  cli-cursor@5.0.0:
    dependencies:
      restore-cursor: 5.1.0

  cli-truncate@4.0.0:
    dependencies:
      slice-ansi: 5.0.0
      string-width: 7.2.0

  color-convert@2.0.1:
    dependencies:
      color-name: 1.1.4

  color-name@1.1.4: {}

  colorette@2.0.20: {}

  command-exists@1.2.9: {}

  commander@10.0.1: {}

  commander@14.0.0: {}

  commander@8.3.0: {}

  constant-case@3.0.4:
    dependencies:
      no-case: 3.0.4
      tslib: 2.8.1
      upper-case: 2.0.2

  cosmiconfig@8.3.6(typescript@5.8.3):
    dependencies:
      import-fresh: 3.3.1
      js-yaml: 4.1.0
      parse-json: 5.2.0
      path-type: 4.0.0
    optionalDependencies:
      typescript: 5.8.3

  create-require@1.1.1: {}

  cross-spawn@7.0.6:
    dependencies:
      path-key: 3.1.1
      shebang-command: 2.0.0
      which: 2.0.2

  date-fns@2.30.0:
    dependencies:
      "@babel/runtime": 7.27.6

  debug@4.4.1:
    dependencies:
      ms: 2.1.3

  diff@4.0.2: {}

  dot-case@3.0.4:
    dependencies:
      no-case: 3.0.4
      tslib: 2.8.1

  ds-test@https://codeload.github.com/dapphub/ds-test/tar.gz/e282159d5170298eb2455a6c05280ab5a73a4ef0: {}

  eastasianwidth@0.2.0: {}

  emoji-regex@10.4.0: {}

  emoji-regex@8.0.0: {}

  emoji-regex@9.2.2: {}

  environment@1.1.0: {}

  error-ex@1.3.2:
    dependencies:
      is-arrayish: 0.2.1

  eventemitter3@5.0.1: {}

  fast-deep-equal@3.1.3: {}

  fast-diff@1.3.0: {}

  fast-json-stable-stringify@2.1.0: {}

  fast-uri@3.0.6: {}

  fill-range@7.1.1:
    dependencies:
      to-regex-range: 5.0.1

  follow-redirects@1.15.9: {}

  foreground-child@3.3.1:
    dependencies:
      cross-spawn: 7.0.6
      signal-exit: 4.1.0

  forge-std@https://codeload.github.com/foundry-rs/forge-std/tar.gz/60acb7aaadcce2d68e52986a0a66fe79f07d138f: {}

  fs-extra@11.3.0:
    dependencies:
      graceful-fs: 4.2.11
      jsonfile: 6.1.0
      universalify: 2.0.1

  fs.realpath@1.0.0: {}

  get-east-asian-width@1.3.0: {}

  glob@11.0.3:
    dependencies:
      foreground-child: 3.3.1
      jackspeak: 4.1.1
      minimatch: 10.0.3
      minipass: 7.1.2
      package-json-from-dist: 1.0.1
      path-scurry: 2.0.0

  glob@8.1.0:
    dependencies:
      fs.realpath: 1.0.0
      inflight: 1.0.6
      inherits: 2.0.4
      minimatch: 5.1.6
      once: 1.4.0

  graceful-fs@4.2.11: {}

  has-flag@4.0.0: {}

  header-case@2.0.4:
    dependencies:
      capital-case: 1.0.4
      tslib: 2.8.1

  husky@8.0.3: {}

  ignore@5.3.2: {}

  import-fresh@3.3.1:
    dependencies:
      parent-module: 1.0.1
      resolve-from: 4.0.0

  inflight@1.0.6:
    dependencies:
      once: 1.4.0
      wrappy: 1.0.2

  inherits@2.0.4: {}

  is-arrayish@0.2.1: {}

  is-fullwidth-code-point@3.0.0: {}

  is-fullwidth-code-point@4.0.0: {}

  is-fullwidth-code-point@5.0.0:
    dependencies:
      get-east-asian-width: 1.3.0

  is-number@7.0.0: {}

  isexe@2.0.0: {}

  jackspeak@4.1.1:
    dependencies:
      "@isaacs/cliui": 8.0.2

  js-sha3@0.8.0: {}

  js-tokens@4.0.0: {}

  js-yaml@4.1.0:
    dependencies:
      argparse: 2.0.1

  json-parse-even-better-errors@2.3.1: {}

  json-schema-traverse@0.4.1: {}

  json-schema-traverse@1.0.0: {}

  jsonfile@6.1.0:
    dependencies:
      universalify: 2.0.1
    optionalDependencies:
      graceful-fs: 4.2.11

  lilconfig@3.1.3: {}

  lines-and-columns@1.2.4: {}

  lint-staged@16.1.2:
    dependencies:
      chalk: 5.4.1
      commander: 14.0.0
      debug: 4.4.1
      lilconfig: 3.1.3
      listr2: 8.3.3
      micromatch: 4.0.8
      nano-spawn: 1.0.2
      pidtree: 0.6.0
      string-argv: 0.3.2
      yaml: 2.8.0
    transitivePeerDependencies:
      - supports-color

  listr2@8.3.3:
    dependencies:
      cli-truncate: 4.0.0
      colorette: 2.0.20
      eventemitter3: 5.0.1
      log-update: 6.1.0
      rfdc: 1.4.1
      wrap-ansi: 9.0.0

  lodash.truncate@4.4.2: {}

  lodash@4.17.21: {}

  log-update@6.1.0:
    dependencies:
      ansi-escapes: 7.0.0
      cli-cursor: 5.0.0
      slice-ansi: 7.1.0
      strip-ansi: 7.1.0
      wrap-ansi: 9.0.0

  lower-case@2.0.2:
    dependencies:
      tslib: 2.8.1

  lru-cache@11.1.0: {}

  make-error@1.3.6: {}

  memorystream@0.3.1: {}

  micromatch@4.0.8:
    dependencies:
      braces: 3.0.3
      picomatch: 2.3.1

  mimic-function@5.0.1: {}

  minimatch@10.0.3:
    dependencies:
      "@isaacs/brace-expansion": 5.0.0

  minimatch@5.1.6:
    dependencies:
      brace-expansion: 2.0.2

  minipass@7.1.2: {}

  ms@2.1.3: {}

  nano-spawn@1.0.2: {}

  no-case@3.0.4:
    dependencies:
      lower-case: 2.0.2
      tslib: 2.8.1

  once@1.4.0:
    dependencies:
      wrappy: 1.0.2

  onetime@7.0.0:
    dependencies:
      mimic-function: 5.0.1

  os-tmpdir@1.0.2: {}

  package-json-from-dist@1.0.1: {}

  param-case@3.0.4:
    dependencies:
      dot-case: 3.0.4
      tslib: 2.8.1

  parent-module@1.0.1:
    dependencies:
      callsites: 3.1.0

  parse-json@5.2.0:
    dependencies:
      "@babel/code-frame": 7.27.1
      error-ex: 1.3.2
      json-parse-even-better-errors: 2.3.1
      lines-and-columns: 1.2.4

  pascal-case@3.1.2:
    dependencies:
      no-case: 3.0.4
      tslib: 2.8.1

  path-case@3.0.4:
    dependencies:
      dot-case: 3.0.4
      tslib: 2.8.1

  path-key@3.1.1: {}

  path-scurry@2.0.0:
    dependencies:
      lru-cache: 11.1.0
      minipass: 7.1.2

  path-type@4.0.0: {}

  picocolors@1.1.1: {}

  picomatch@2.3.1: {}

  pidtree@0.6.0: {}

  pluralize@8.0.0: {}

  prettier-linter-helpers@1.0.0:
    dependencies:
      fast-diff: 1.3.0

  prettier-plugin-solidity@1.4.3(prettier@3.6.2):
    dependencies:
      "@solidity-parser/parser": 0.20.2
      prettier: 3.6.2
      semver: 7.7.2

  prettier@2.8.8:
    optional: true

  prettier@3.6.2: {}

  punycode@2.3.1: {}

  require-from-string@2.0.2: {}

  resolve-from@4.0.0: {}

  restore-cursor@5.1.0:
    dependencies:
      onetime: 7.0.0
      signal-exit: 4.1.0

  rfdc@1.4.1: {}

  semver@5.7.2: {}

  semver@7.7.2: {}

  sentence-case@3.0.4:
    dependencies:
      no-case: 3.0.4
      tslib: 2.8.1
      upper-case-first: 2.0.2

  shebang-command@2.0.0:
    dependencies:
      shebang-regex: 3.0.0

  shebang-regex@3.0.0: {}

  signal-exit@4.1.0: {}

  slice-ansi@4.0.0:
    dependencies:
      ansi-styles: 4.3.0
      astral-regex: 2.0.0
      is-fullwidth-code-point: 3.0.0

  slice-ansi@5.0.0:
    dependencies:
      ansi-styles: 6.2.1
      is-fullwidth-code-point: 4.0.0

  slice-ansi@7.1.0:
    dependencies:
      ansi-styles: 6.2.1
      is-fullwidth-code-point: 5.0.0

  snake-case@3.0.4:
    dependencies:
      dot-case: 3.0.4
      tslib: 2.8.1

  solc@0.8.30:
    dependencies:
      command-exists: 1.2.9
      commander: 8.3.0
      follow-redirects: 1.15.9
      js-sha3: 0.8.0
      memorystream: 0.3.1
      semver: 5.7.2
      tmp: 0.0.33
    transitivePeerDependencies:
      - debug

  solhint-plugin-prettier@0.1.0(prettier-plugin-solidity@1.4.3(prettier@3.6.2))(prettier@3.6.2):
    dependencies:
      "@prettier/sync": 0.3.0(prettier@3.6.2)
      prettier: 3.6.2
      prettier-linter-helpers: 1.0.0
      prettier-plugin-solidity: 1.4.3(prettier@3.6.2)

  solhint@3.6.2(typescript@5.8.3):
    dependencies:
      "@solidity-parser/parser": 0.16.2
      ajv: 6.12.6
      antlr4: 4.13.2
      ast-parents: 0.0.1
      chalk: 4.1.2
      commander: 10.0.1
      cosmiconfig: 8.3.6(typescript@5.8.3)
      fast-diff: 1.3.0
      glob: 8.1.0
      ignore: 5.3.2
      js-yaml: 4.1.0
      lodash: 4.17.21
      pluralize: 8.0.0
      semver: 7.7.2
      strip-ansi: 6.0.1
      table: 6.9.0
      text-table: 0.2.0
    optionalDependencies:
      prettier: 2.8.8
    transitivePeerDependencies:
      - typescript

  solidity-bytes-utils@0.8.4: {}

  string-argv@0.3.2: {}

  string-width@4.2.3:
    dependencies:
      emoji-regex: 8.0.0
      is-fullwidth-code-point: 3.0.0
      strip-ansi: 6.0.1

  string-width@5.1.2:
    dependencies:
      eastasianwidth: 0.2.0
      emoji-regex: 9.2.2
      strip-ansi: 7.1.0

  string-width@7.2.0:
    dependencies:
      emoji-regex: 10.4.0
      get-east-asian-width: 1.3.0
      strip-ansi: 7.1.0

  strip-ansi@6.0.1:
    dependencies:
      ansi-regex: 5.0.1

  strip-ansi@7.1.0:
    dependencies:
      ansi-regex: 6.1.0

  supports-color@7.2.0:
    dependencies:
      has-flag: 4.0.0

  table@6.9.0:
    dependencies:
      ajv: 8.17.1
      lodash.truncate: 4.4.2
      slice-ansi: 4.0.0
      string-width: 4.2.3
      strip-ansi: 6.0.1

  text-table@0.2.0: {}

  tmp@0.0.33:
    dependencies:
      os-tmpdir: 1.0.2

  to-regex-range@5.0.1:
    dependencies:
      is-number: 7.0.0

  toml@3.0.0: {}

  ts-node@10.9.2(@types/node@24.2.1)(typescript@5.8.3):
    dependencies:
      "@cspotcode/source-map-support": 0.8.1
      "@tsconfig/node10": 1.0.11
      "@tsconfig/node12": 1.0.11
      "@tsconfig/node14": 1.0.3
      "@tsconfig/node16": 1.0.4
      "@types/node": 24.2.1
      acorn: 8.15.0
      acorn-walk: 8.3.4
      arg: 4.1.3
      create-require: 1.1.1
      diff: 4.0.2
      make-error: 1.3.6
      typescript: 5.8.3
      v8-compile-cache-lib: 3.0.1
      yn: 3.1.1

  tslib@2.8.1: {}

  typescript@5.8.3: {}

  undici-types@5.26.5: {}

  undici-types@7.10.0: {}

  universalify@2.0.1: {}

  upper-case-first@2.0.2:
    dependencies:
      tslib: 2.8.1

  upper-case@2.0.2:
    dependencies:
      tslib: 2.8.1

  uri-js@4.4.1:
    dependencies:
      punycode: 2.3.1

  v8-compile-cache-lib@3.0.1: {}

  which@2.0.2:
    dependencies:
      isexe: 2.0.0

  wrap-ansi@7.0.0:
    dependencies:
      ansi-styles: 4.3.0
      string-width: 4.2.3
      strip-ansi: 6.0.1

  wrap-ansi@8.1.0:
    dependencies:
      ansi-styles: 6.2.1
      string-width: 5.1.2
      strip-ansi: 7.1.0

  wrap-ansi@9.0.0:
    dependencies:
      ansi-styles: 6.2.1
      string-width: 7.2.0
      strip-ansi: 7.1.0

  wrappy@1.0.2: {}

  yaml@2.8.0: {}

  yn@3.1.1: {}
